<?xml version="1.0" encoding="utf-8"?>
<Project ToolsVersion="4.0" xmlns="http://schemas.microsoft.com/developer/msbuild/2003">
  <ItemGroup>
    <Filter Include="Source Files">
      <UniqueIdentifier>{4FC737F1-C7A5-4376-A066-2A32D752A2FF}</UniqueIdentifier>
      <Extensions>cpp;c;cc;cxx;def;odl;idl;hpj;bat;asm;asmx</Extensions>
    </Filter>
    <Filter Include="Header Files">
      <UniqueIdentifier>{93995380-89BD-4b04-88EB-625FBE52EBFB}</UniqueIdentifier>
      <Extensions>h;hh;hpp;hxx;hm;inl;inc;ipp;xsd</Extensions>
    </Filter>
    <Filter Include="Resource Files">
      <UniqueIdentifier>{67DA6AB6-F800-4c08-8B7A-83BB121AAD01}</UniqueIdentifier>
      <Extensions>rc;ico;cur;bmp;dlg;rc2;rct;bin;rgs;gif;jpg;jpeg;jpe;resx;tiff;tif;png;wav;mfcribbon-ms</Extensions>
    </Filter>
  </ItemGroup>
  <ItemGroup>
    <None Include="cpp.hint" />
  </ItemGroup>
  <ItemGroup>
    <ClInclude Include="framework.h">
      <Filter>Header Files</Filter>
    </ClInclude>
    <ClInclude Include="FT8Core.h">
      <Filter>Header Files</Filter>
    </ClInclude>
    <ClInclude Include="pch.h">
      <Filter>Header Files</Filter>
    </ClInclude>
    <ClInclude Include="common\common.h">
      <Filter>Header Files</Filter>
    </ClInclude>
    <ClInclude Include="common\monitor.h">
      <Filter>Header Files</Filter>
    </ClInclude>
    <ClInclude Include="common\wave.h">
      <Filter>Header Files</Filter>
    </ClInclude>
    <ClInclude Include="fft\_kiss_fft_guts.h">
      <Filter>Header Files</Filter>
    </ClInclude>
    <ClInclude Include="fft\kiss_fft.h">
      <Filter>Header Files</Filter>
    </ClInclude>
    <ClInclude Include="fft\kiss_fftr.h">
      <Filter>Header Files</Filter>
    </ClInclude>
    <ClInclude Include="ft8\constants.h">
      <Filter>Header Files</Filter>
    </ClInclude>
    <ClInclude Include="ft8\crc.h">
      <Filter>Header Files</Filter>
    </ClInclude>
    <ClInclude Include="ft8\debug.h">
      <Filter>Header Files</Filter>
    </ClInclude>
    <ClInclude Include="ft8\decode.h">
      <Filter>Header Files</Filter>
    </ClInclude>
    <ClInclude Include="ft8\encode.h">
      <Filter>Header Files</Filter>
    </ClInclude>
    <ClInclude Include="ft8\ldpc.h">
      <Filter>Header Files</Filter>
    </ClInclude>
    <ClInclude Include="ft8\message.h">
      <Filter>Header Files</Filter>
    </ClInclude>
    <ClInclude Include="ft8\text.h">
      <Filter>Header Files</Filter>
    </ClInclude>
  </ItemGroup>
  <ItemGroup>
    <ClCompile Include="FT8Core.cpp">
      <Filter>Source Files</Filter>
    </ClCompile>
    <ClCompile Include="dllmain.cpp">
      <Filter>Source Files</Filter>
    </ClCompile>
    <ClCompile Include="pch.cpp">
      <Filter>Source Files</Filter>
    </ClCompile>
    <ClCompile Include="common\monitor.c">
      <Filter>Source Files</Filter>
    </ClCompile>
    <ClCompile Include="common\wave.c">
      <Filter>Source Files</Filter>
    </ClCompile>
    <ClCompile Include="fft\kiss_fft.c">
      <Filter>Source Files</Filter>
    </ClCompile>
    <ClCompile Include="fft\kiss_fftr.c">
      <Filter>Source Files</Filter>
    </ClCompile>
    <ClCompile Include="ft8\constants.c">
      <Filter>Source Files</Filter>
    </ClCompile>
    <ClCompile Include="ft8\crc.c">
      <Filter>Source Files</Filter>
    </ClCompile>
    <ClCompile Include="ft8\decode.c">
      <Filter>Source Files</Filter>
    </ClCompile>
    <ClCompile Include="ft8\encode.c">
      <Filter>Source Files</Filter>
    </ClCompile>
    <ClCompile Include="ft8\ldpc.c">
      <Filter>Source Files</Filter>
    </ClCompile>
    <ClCompile Include="ft8\message.c">
      <Filter>Source Files</Filter>
    </ClCompile>
    <ClCompile Include="ft8\text.c">
      <Filter>Source Files</Filter>
    </ClCompile>
  </ItemGroup>
</Project>